
Microsoft Visual Studio Solution File, Format Version 12.00
# Visual Studio Version 16
VisualStudioVersion = 16.0.31112.23
MinimumVisualStudioVersion = 10.0.40219.1
Project("{9A19103F-16F7-4668-BE54-9A1E7A4F7556}") = "HappyTravel.TokenReceiver.Api", "Token\HappyTravel.TokenReceiver.Api.csproj", "{9FDB1E8B-ACA5-435C-B794-8DC2A26F124B}"
EndProject
Global
	GlobalSection(SolutionConfigurationPlatforms) = preSolution
		Debug|Any CPU = Debug|Any CPU
		Release|Any CPU = Release|Any CPU
	EndGlobalSection
	GlobalSection(ProjectConfigurationPlatforms) = postSolution
		{9FDB1E8B-ACA5-435C-B794-8DC2A26F124B}.Debug|Any CPU.ActiveCfg = Debug|Any CPU
		{9FDB1E8B-ACA5-435C-B794-8DC2A26F124B}.Debug|Any CPU.Build.0 = Debug|Any CPU
		{9FDB1E8B-ACA5-435C-B794-8DC2A26F124B}.Release|Any CPU.ActiveCfg = Release|Any CPU
		{9FDB1E8B-ACA5-435C-B794-8DC2A26F124B}.Release|Any CPU.Build.0 = Release|Any CPU
	EndGlobalSection
	GlobalSection(SolutionProperties) = preSolution
		HideSolutionNode = FALSE
	EndGlobalSection
	GlobalSection(ExtensibilityGlobals) = postSolution
		SolutionGuid = {43F525A4-E83B-4B17-8D22-82C1DB3CAD6A}
	EndGlobalSection
EndGlobal
